
Microsoft Visual Studio Solution File, Format Version 12.00
# Visual Studio Version 17
VisualStudioVersion = 17.7.34031.279
MinimumVisualStudioVersion = 10.0.40219.1
Project("{FAE04EC0-301F-11D3-BF4B-00C04F79EFBC}") = "thecfhouse", "thecfhouse\thecfhouse.csproj", "{FCCD4B49-E191-4D7B-82DD-BE7ACA67227F}"
EndProject
Global
	GlobalSection(SolutionConfigurationPlatforms) = preSolution
		Debug|Any CPU = Debug|Any CPU
		Release|Any CPU = Release|Any CPU
	EndGlobalSection
	GlobalSection(ProjectConfigurationPlatforms) = postSolution
		{FCCD4B49-E191-4D7B-82DD-BE7ACA67227F}.Debug|Any CPU.ActiveCfg = Debug|Any CPU
		{FCCD4B49-E191-4D7B-82DD-BE7ACA67227F}.Debug|Any CPU.Build.0 = Debug|Any CPU
		{FCCD4B49-E191-4D7B-82DD-BE7ACA67227F}.Release|Any CPU.ActiveCfg = Release|Any CPU
		{FCCD4B49-E191-4D7B-82DD-BE7ACA67227F}.Release|Any CPU.Build.0 = Release|Any CPU
	EndGlobalSection
	GlobalSection(SolutionProperties) = preSolution
		HideSolutionNode = FALSE
	EndGlobalSection
	GlobalSection(ExtensibilityGlobals) = postSolution
		SolutionGuid = {4EB1EC3D-7E33-4671-BEB4-688B939C99DB}
	EndGlobalSection
EndGlobal
